{
  "name": "spell-check-challenge",
  "version": "1.0.0",
  "lockfileVersion": 3,
  "requires": true,
  "packages": {
    "": {
      "name": "spell-check-challenge",
      "version": "1.0.0",
      "bin": {
        "my-cool-spellchecker": "bin/my-cool-spellchecker.js"
      },
      "engines": {
        "node": ">=18"
      }
    }
  }
}
